<?xml version="1.0" encoding="UTF-8" standalone="yes" ?>
<CodeBlocks_project_file>
	<FileVersion major="1" minor="6" />
	<Project>
		<Option title="ExaMan" />
		<Option pch_mode="2" />
		<Option compiler="gcc" />
		<Build>
			<Target title="Debug">
				<Option output="bin/Debug/ExaMan" prefix_auto="1" extension_auto="1" />
				<Option object_output="obj/Debug/" />
				<Option type="1" />
				<Option compiler="gcc" />
				<Compiler>
					<Add option="-g" />
				</Compiler>
				<Linker>
					<Add library="sfml-graphics-d" />
					<Add library="sfml-window-d" />
					<Add library="sfml-system-d" />
					<Add library="sfml-audio-d" />
				</Linker>
			</Target>
			<Target title="Release">
				<Option output="bin/Release/ExaMan" prefix_auto="1" extension_auto="1" />
				<Option object_output="obj/Release/" />
				<Option type="0" />
				<Option compiler="gcc" />
				<Compiler>
					<Add option="-O2" />
				</Compiler>
				<Linker>
					<Add option="-s" />
					<Add library="sfml-graphics" />
					<Add library="sfml-window" />
					<Add library="sfml-system" />
					<Add library="sfml-audio" />
				</Linker>
			</Target>
		</Build>
		<Compiler>
			<Add option="-Wall" />
			<Add directory="C:/Users/amirk/source/repos/ExaMan/SFML-2.5.1-CodeBlocks/include" />
		</Compiler>
		<Linker>
			<Add library="mingw32" />
			<Add library="user32" />
			<Add library="gdi32" />
			<Add library="winmm" />
			<Add library="dxguid" />
			<Add directory="C:/Users/amirk/source/repos/ExaMan/SFML-2.5.1-CodeBlocks/lib" />
		</Linker>
		<Unit filename="Game/Bullet.h" />
		<Unit filename="Game/Button.h" />
		<Unit filename="Game/Data/BackGround/bg1.h" />
		<Unit filename="Game/Data/BackGround/bg2.h" />
		<Unit filename="Game/Data/BackGround/bg3.h" />
		<Unit filename="Game/Data/BackGround/bg4.h" />
		<Unit filename="Game/Data/BackGround/bg5.h" />
		<Unit filename="Game/Data/BackGround/car.h" />
		<Unit filename="Game/Data/BackGround/clouds1.h" />
		<Unit filename="Game/Data/BackGround/clouds2.h" />
		<Unit filename="Game/Data/BackGround/lava1.h" />
		<Unit filename="Game/Data/BackGround/lava2.h" />
		<Unit filename="Game/Data/BackGround/wall.h" />
		<Unit filename="Game/Data/Bullet/bulletLeft.h" />
		<Unit filename="Game/Data/Bullet/bulletRight.h" />
		<Unit filename="Game/Data/Button/active.h" />
		<Unit filename="Game/Data/Button/hover.h" />
		<Unit filename="Game/Data/Button/inactive.h" />
		<Unit filename="Game/Data/Explosion/medium/mediumexp0.h" />
		<Unit filename="Game/Data/Explosion/medium/mediumexp1.h" />
		<Unit filename="Game/Data/Explosion/medium/mediumexp2.h" />
		<Unit filename="Game/Data/Explosion/medium/mediumexp3.h" />
		<Unit filename="Game/Data/Explosion/medium/mediumexp4.h" />
		<Unit filename="Game/Data/Explosion/small/smallexp0.h" />
		<Unit filename="Game/Data/Explosion/small/smallexp1.h" />
		<Unit filename="Game/Data/Explosion/small/smallexp2.h" />
		<Unit filename="Game/Data/Explosion/small/smallexp3.h" />
		<Unit filename="Game/Data/Explosion/small/smallexp4.h" />
		<Unit filename="Game/Data/Font/COMPUTERRobot.h" />
		<Unit filename="Game/Data/Icon/icon.h" />
		<Unit filename="Game/Data/Item/heart.h" />
		<Unit filename="Game/Data/KarateBoss/bossIdleLeft.h" />
		<Unit filename="Game/Data/KarateBoss/bossIdleRight.h" />
		<Unit filename="Game/Data/KarateBoss/bossattack1.h" />
		<Unit filename="Game/Data/KarateBoss/bossattack2.h" />
		<Unit filename="Game/Data/KarateBoss/bossattack3.h" />
		<Unit filename="Game/Data/KarateBoss/bossattack4.h" />
		<Unit filename="Game/Data/Music/karateboss.h" />
		<Unit filename="Game/Data/Music/menu.h" />
		<Unit filename="Game/Data/Music/stage1.h" />
		<Unit filename="Game/Data/Object/box.h" />
		<Unit filename="Game/Data/Object/door.h" />
		<Unit filename="Game/Data/Object/ground.h" />
		<Unit filename="Game/Data/Object/ironwall.h" />
		<Unit filename="Game/Data/Object/needle.h" />
		<Unit filename="Game/Data/Object/window.h" />
		<Unit filename="Game/Data/Player/Damage/playerDamageLeft.h" />
		<Unit filename="Game/Data/Player/Damage/playerDamageRight.h" />
		<Unit filename="Game/Data/Player/Death/playerDeath1Left.h" />
		<Unit filename="Game/Data/Player/Death/playerDeath1Right.h" />
		<Unit filename="Game/Data/Player/Death/playerDeath2Left.h" />
		<Unit filename="Game/Data/Player/Death/playerDeath2Right.h" />
		<Unit filename="Game/Data/Player/Idle/playerIdleLeft.h" />
		<Unit filename="Game/Data/Player/Idle/playerIdleRight.h" />
		<Unit filename="Game/Data/Player/Idle/playerIdleShootLeft.h" />
		<Unit filename="Game/Data/Player/Idle/playerIdleShootRight.h" />
		<Unit filename="Game/Data/Player/Jump/playerJumpLeft.h" />
		<Unit filename="Game/Data/Player/Jump/playerJumpRight.h" />
		<Unit filename="Game/Data/Player/Jump/playerJumpShootLeft.h" />
		<Unit filename="Game/Data/Player/Jump/playerJumpShootRight.h" />
		<Unit filename="Game/Data/Player/Walk/playerWalkLeft1.h" />
		<Unit filename="Game/Data/Player/Walk/playerWalkLeft2.h" />
		<Unit filename="Game/Data/Player/Walk/playerWalkLeft3.h" />
		<Unit filename="Game/Data/Player/Walk/playerWalkRight1.h" />
		<Unit filename="Game/Data/Player/Walk/playerWalkRight2.h" />
		<Unit filename="Game/Data/Player/Walk/playerWalkRight3.h" />
		<Unit filename="Game/Data/Player/Walk/playerWalkShootLeft1.h" />
		<Unit filename="Game/Data/Player/Walk/playerWalkShootLeft2.h" />
		<Unit filename="Game/Data/Player/Walk/playerWalkShootLeft3.h" />
		<Unit filename="Game/Data/Player/Walk/playerWalkShootRight1.h" />
		<Unit filename="Game/Data/Player/Walk/playerWalkShootRight2.h" />
		<Unit filename="Game/Data/Player/Walk/playerWalkShootRight3.h" />
		<Unit filename="Game/Data/RCHeli/rcheli1.h" />
		<Unit filename="Game/Data/RCHeli/rcheli2.h" />
		<Unit filename="Game/Data/RCRobot/rcrobotidleleft.h" />
		<Unit filename="Game/Data/RCRobot/rcrobotidleright.h" />
		<Unit filename="Game/Data/RCRobot/rcrobotwalkleft1.h" />
		<Unit filename="Game/Data/RCRobot/rcrobotwalkleft2.h" />
		<Unit filename="Game/Data/RCRobot/rcrobotwalkright1.h" />
		<Unit filename="Game/Data/RCRobot/rcrobotwalkright2.h" />
		<Unit filename="Game/Data/RCTank/rctankleft1.h" />
		<Unit filename="Game/Data/RCTank/rctankleft2.h" />
		<Unit filename="Game/Data/RCTank/rctankright1.h" />
		<Unit filename="Game/Data/RCTank/rctankright2.h" />
		<Unit filename="Game/Explosion.h" />
		<Unit filename="Game/GameBackground.h" />
		<Unit filename="Game/GameObject.h" />
		<Unit filename="Game/KarateBoss.h" />
		<Unit filename="Game/Map.h" />
		<Unit filename="Game/Music.h" />
		<Unit filename="Game/Pickup.h" />
		<Unit filename="Game/Player.h" />
		<Unit filename="Game/RCHeli.h" />
		<Unit filename="Game/RCRobot.h" />
		<Unit filename="Game/RCTank.h" />
		<Unit filename="Game/Screens/AboutGameScreen.h" />
		<Unit filename="Game/Screens/CreditsScreen.h" />
		<Unit filename="Game/Screens/MenuScreen.h" />
		<Unit filename="Game/Screens/PauseScreen.h" />
		<Unit filename="Game/Screens/QuitScreen.h" />
		<Unit filename="Game/Screens/Screen.h" />
		<Unit filename="Game/Screens/ScreenEnum.h" />
		<Unit filename="main.cpp" />
		<Extensions>
			<lib_finder disable_auto="1" />
		</Extensions>
	</Project>
</CodeBlocks_project_file>
